{
  "nodes": {
    "nixpkgs": {
      "locked": {
        "lastModified": 1676150441,
        "narHash": "sha256-Nfeua9Ua/dGHOQpzOjLtkyMyW/ysQCvZJ9Dd74QQSNk=",
        "path": "/nix/store/hhb905xbnph362h7pryzr16m1nw007my-source",
        "rev": "6d87734c880d704f6ee13e5c0fe835b98918c34e",
        "type": "path"
      },
      "original": {
        "id": "nixpkgs",
        "type": "indirect"
      }
    },
    "root": {
      "inputs": {
        "nixpkgs": "nixpkgs"
      }
    }
  },
  "root": "root",
  "version": 7
}
